// !$*UTF8*$!
{
	archiveVersion = 1;
	classes = {
	};
	objectVersion = 48;
	objects = {

/* Begin PBXBuildFile section */
		DA036501204541E90051771D /* AppDelegate.m in Sources */ = {isa = PBXBuildFile; fileRef = DA036500204541E90051771D /* AppDelegate.m */; };
		DA036504204541E90051771D /* ViewController.m in Sources */ = {isa = PBXBuildFile; fileRef = DA036503204541E90051771D /* ViewController.m */; };
		DA036507204541E90051771D /* Main.storyboard in Resources */ = {isa = PBXBuildFile; fileRef = DA036505204541E90051771D /* Main.storyboard */; };
		DA036509204541E90051771D /* Assets.xcassets in Resources */ = {isa = PBXBuildFile; fileRef = DA036508204541E90051771D /* Assets.xcassets */; };
		DA03650C204541E90051771D /* LaunchScreen.storyboard in Resources */ = {isa = PBXBuildFile; fileRef = DA03650A204541E90051771D /* LaunchScreen.storyboard */; };
		DA03650F204541E90051771D /* main.m in Sources */ = {isa = PBXBuildFile; fileRef = DA03650E204541E90051771D /* main.m */; };
		DA036517204638BF0051771D /* sysmonitor.c in Sources */ = {isa = PBXBuildFile; fileRef = DA036515204638BF0051771D /* sysmonitor.c */; };
		DA97CD6F2056533800487125 /* NEMonitor.m in Sources */ = {isa = PBXBuildFile; fileRef = DA97CD6E2056533800487125 /* NEMonitor.m */; };
		DA97CD75205670B800487125 /* HWCircleView.m in Sources */ = {isa = PBXBuildFile; fileRef = DA97CD72205670B800487125 /* HWCircleView.m */; };
		DA97CD76205670B800487125 /* HWWaveView.m in Sources */ = {isa = PBXBuildFile; fileRef = DA97CD74205670B800487125 /* HWWaveView.m */; };
		DA97CD792056739600487125 /* NEMonitorWindow.m in Sources */ = {isa = PBXBuildFile; fileRef = DA97CD782056739600487125 /* NEMonitorWindow.m */; };
/* End PBXBuildFile section */

/* Begin PBXFileReference section */
		DA0364FC204541E90051771D /* iOS-Monitor.app */ = {isa = PBXFileReference; explicitFileType = wrapper.application; includeInIndex = 0; path = "iOS-Monitor.app"; sourceTree = BUILT_PRODUCTS_DIR; };
		DA0364FF204541E90051771D /* AppDelegate.h */ = {isa = PBXFileReference; lastKnownFileType = sourcecode.c.h; path = AppDelegate.h; sourceTree = "<group>"; };
		DA036500204541E90051771D /* AppDelegate.m */ = {isa = PBXFileReference; lastKnownFileType = sourcecode.c.objc; path = AppDelegate.m; sourceTree = "<group>"; };
		DA036502204541E90051771D /* ViewController.h */ = {isa = PBXFileReference; lastKnownFileType = sourcecode.c.h; path = ViewController.h; sourceTree = "<group>"; };
		DA036503204541E90051771D /* ViewController.m */ = {isa = PBXFileReference; lastKnownFileType = sourcecode.c.objc; path = ViewController.m; sourceTree = "<group>"; };
		DA036506204541E90051771D /* Base */ = {isa = PBXFileReference; lastKnownFileType = file.storyboard; name = Base; path = Base.lproj/Main.storyboard; sourceTree = "<group>"; };
		DA036508204541E90051771D /* Assets.xcassets */ = {isa = PBXFileReference; lastKnownFileType = folder.assetcatalog; path = Assets.xcassets; sourceTree = "<group>"; };
		DA03650B204541E90051771D /* Base */ = {isa = PBXFileReference; lastKnownFileType = file.storyboard; name = Base; path = Base.lproj/LaunchScreen.storyboard; sourceTree = "<group>"; };
		DA03650D204541E90051771D /* Info.plist */ = {isa = PBXFileReference; lastKnownFileType = text.plist.xml; path = Info.plist; sourceTree = "<group>"; };
		DA03650E204541E90051771D /* main.m */ = {isa = PBXFileReference; lastKnownFileType = sourcecode.c.objc; path = main.m; sourceTree = "<group>"; };
		DA036515204638BF0051771D /* sysmonitor.c */ = {isa = PBXFileReference; lastKnownFileType = sourcecode.c.c; path = sysmonitor.c; sourceTree = "<group>"; };
		DA036516204638BF0051771D /* sysmonitor.h */ = {isa = PBXFileReference; lastKnownFileType = sourcecode.c.h; path = sysmonitor.h; sourceTree = "<group>"; };
		DA97CD6D2056533800487125 /* NEMonitor.h */ = {isa = PBXFileReference; lastKnownFileType = sourcecode.c.h; path = NEMonitor.h; sourceTree = "<group>"; };
		DA97CD6E2056533800487125 /* NEMonitor.m */ = {isa = PBXFileReference; lastKnownFileType = sourcecode.c.objc; path = NEMonitor.m; sourceTree = "<group>"; };
		DA97CD71205670B800487125 /* HWCircleView.h */ = {isa = PBXFileReference; fileEncoding = 4; lastKnownFileType = sourcecode.c.h; path = HWCircleView.h; sourceTree = "<group>"; };
		DA97CD72205670B800487125 /* HWCircleView.m */ = {isa = PBXFileReference; fileEncoding = 4; lastKnownFileType = sourcecode.c.objc; path = HWCircleView.m; sourceTree = "<group>"; };
		DA97CD73205670B800487125 /* HWWaveView.h */ = {isa = PBXFileReference; fileEncoding = 4; lastKnownFileType = sourcecode.c.h; path = HWWaveView.h; sourceTree = "<group>"; };
		DA97CD74205670B800487125 /* HWWaveView.m */ = {isa = PBXFileReference; fileEncoding = 4; lastKnownFileType = sourcecode.c.objc; path = HWWaveView.m; sourceTree = "<group>"; };
		DA97CD772056739600487125 /* NEMonitorWindow.h */ = {isa = PBXFileReference; lastKnownFileType = sourcecode.c.h; path = NEMonitorWindow.h; sourceTree = "<group>"; };
		DA97CD782056739600487125 /* NEMonitorWindow.m */ = {isa = PBXFileReference; lastKnownFileType = sourcecode.c.objc; path = NEMonitorWindow.m; sourceTree = "<group>"; };
/* End PBXFileReference section */

/* Begin PBXFrameworksBuildPhase section */
		DA0364F9204541E90051771D /* Frameworks */ = {
			isa = PBXFrameworksBuildPhase;
			buildActionMask = 2147483647;
			files = (
			);
			runOnlyForDeploymentPostprocessing = 0;
		};
/* End PBXFrameworksBuildPhase section */

/* Begin PBXGroup section */
		DA0364F3204541E80051771D = {
			isa = PBXGroup;
			children = (
				DA0364FE204541E90051771D /* iOS-Monitor */,
				DA0364FD204541E90051771D /* Products */,
			);
			sourceTree = "<group>";
		};
		DA0364FD204541E90051771D /* Products */ = {
			isa = PBXGroup;
			children = (
				DA0364FC204541E90051771D /* iOS-Monitor.app */,
			);
			name = Products;
			sourceTree = "<group>";
		};
		DA0364FE204541E90051771D /* iOS-Monitor */ = {
			isa = PBXGroup;
			children = (
				DA97CD70205670B800487125 /* HKProgressView */,
				DA0364FF204541E90051771D /* AppDelegate.h */,
				DA036500204541E90051771D /* AppDelegate.m */,
				DA036502204541E90051771D /* ViewController.h */,
				DA036503204541E90051771D /* ViewController.m */,
				DA036505204541E90051771D /* Main.storyboard */,
				DA036508204541E90051771D /* Assets.xcassets */,
				DA03650A204541E90051771D /* LaunchScreen.storyboard */,
				DA03650D204541E90051771D /* Info.plist */,
				DA03650E204541E90051771D /* main.m */,
				DA036515204638BF0051771D /* sysmonitor.c */,
				DA036516204638BF0051771D /* sysmonitor.h */,
				DA97CD6D2056533800487125 /* NEMonitor.h */,
				DA97CD6E2056533800487125 /* NEMonitor.m */,
				DA97CD772056739600487125 /* NEMonitorWindow.h */,
				DA97CD782056739600487125 /* NEMonitorWindow.m */,
			);
			path = "iOS-Monitor";
			sourceTree = "<group>";
		};
		DA97CD70205670B800487125 /* HKProgressView */ = {
			isa = PBXGroup;
			children = (
				DA97CD71205670B800487125 /* HWCircleView.h */,
				DA97CD72205670B800487125 /* HWCircleView.m */,
				DA97CD73205670B800487125 /* HWWaveView.h */,
				DA97CD74205670B800487125 /* HWWaveView.m */,
			);
			path = HKProgressView;
			sourceTree = "<group>";
		};
/* End PBXGroup section */

/* Begin PBXNativeTarget section */
		DA0364FB204541E90051771D /* iOS-Monitor */ = {
			isa = PBXNativeTarget;
			buildConfigurationList = DA036512204541E90051771D /* Build configuration list for PBXNativeTarget "iOS-Monitor" */;
			buildPhases = (
				DA0364F8204541E90051771D /* Sources */,
				DA0364F9204541E90051771D /* Frameworks */,
				DA0364FA204541E90051771D /* Resources */,
			);
			buildRules = (
			);
			dependencies = (
			);
			name = "iOS-Monitor";
			productName = "iOS-Monitor";
			productReference = DA0364FC204541E90051771D /* iOS-Monitor.app */;
			productType = "com.apple.product-type.application";
		};
/* End PBXNativeTarget section */

/* Begin PBXProject section */
		DA0364F4204541E80051771D /* Project object */ = {
			isa = PBXProject;
			attributes = {
				LastUpgradeCheck = 0920;
				ORGANIZATIONNAME = hzyuxiaohua;
				TargetAttributes = {
					DA0364FB204541E90051771D = {
						CreatedOnToolsVersion = 9.2;
						ProvisioningStyle = Automatic;
					};
				};
			};
			buildConfigurationList = DA0364F7204541E80051771D /* Build configuration list for PBXProject "iOS-Monitor" */;
			compatibilityVersion = "Xcode 8.0";
			developmentRegion = en;
			hasScannedForEncodings = 0;
			knownRegions = (
				en,
				Base,
			);
			mainGroup = DA0364F3204541E80051771D;
			productRefGroup = DA0364FD204541E90051771D /* Products */;
			projectDirPath = "";
			projectRoot = "";
			targets = (
				DA0364FB204541E90051771D /* iOS-Monitor */,
			);
		};
/* End PBXProject section */

/* Begin PBXResourcesBuildPhase section */
		DA0364FA204541E90051771D /* Resources */ = {
			isa = PBXResourcesBuildPhase;
			buildActionMask = 2147483647;
			files = (
				DA03650C204541E90051771D /* LaunchScreen.storyboard in Resources */,
				DA036509204541E90051771D /* Assets.xcassets in Resources */,
				DA036507204541E90051771D /* Main.storyboard in Resources */,
			);
			runOnlyForDeploymentPostprocessing = 0;
		};
/* End PBXResourcesBuildPhase section */

/* Begin PBXSourcesBuildPhase section */
		DA0364F8204541E90051771D /* Sources */ = {
			isa = PBXSourcesBuildPhase;
			buildActionMask = 2147483647;
			files = (
				DA036517204638BF0051771D /* sysmonitor.c in Sources */,
				DA036504204541E90051771D /* ViewController.m in Sources */,
				DA97CD76205670B800487125 /* HWWaveView.m in Sources */,
				DA03650F204541E90051771D /* main.m in Sources */,
				DA97CD75205670B800487125 /* HWCircleView.m in Sources */,
				DA036501204541E90051771D /* AppDelegate.m in Sources */,
				DA97CD6F2056533800487125 /* NEMonitor.m in Sources */,
				DA97CD792056739600487125 /* NEMonitorWindow.m in Sources */,
			);
			runOnlyForDeploymentPostprocessing = 0;
		};
/* End PBXSourcesBuildPhase section */

/* Begin PBXVariantGroup section */
		DA036505204541E90051771D /* Main.storyboard */ = {
			isa = PBXVariantGroup;
			children = (
				DA036506204541E90051771D /* Base */,
			);
			name = Main.storyboard;
			sourceTree = "<group>";
		};
		DA03650A204541E90051771D /* LaunchScreen.storyboard */ = {
			isa = PBXVariantGroup;
			children = (
				DA03650B204541E90051771D /* Base */,
			);
			name = LaunchScreen.storyboard;
			sourceTree = "<group>";
		};
/* End PBXVariantGroup section */

/* Begin XCBuildConfiguration section */
		DA036510204541E90051771D /* Debug */ = {
			isa = XCBuildConfiguration;
			buildSettings = {
				ALWAYS_SEARCH_USER_PATHS = NO;
				CLANG_ANALYZER_NONNULL = YES;
				CLANG_ANALYZER_NUMBER_OBJECT_CONVERSION = YES_AGGRESSIVE;
				CLANG_CXX_LANGUAGE_STANDARD = "gnu++14";
				CLANG_CXX_LIBRARY = "libc++";
				CLANG_ENABLE_MODULES = YES;
				CLANG_ENABLE_OBJC_ARC = YES;
				CLANG_WARN_BLOCK_CAPTURE_AUTORELEASING = YES;
				CLANG_WARN_BOOL_CONVERSION = YES;
				CLANG_WARN_COMMA = YES;
				CLANG_WARN_CONSTANT_CONVERSION = YES;
				CLANG_WARN_DIRECT_OBJC_ISA_USAGE = YES_ERROR;
				CLANG_WARN_DOCUMENTATION_COMMENTS = YES;
				CLANG_WARN_EMPTY_BODY = YES;
				CLANG_WARN_ENUM_CONVERSION = YES;
				CLANG_WARN_INFINITE_RECURSION = YES;
				CLANG_WARN_INT_CONVERSION = YES;
				CLANG_WARN_NON_LITERAL_NULL_CONVERSION = YES;
				CLANG_WARN_OBJC_LITERAL_CONVERSION = YES;
				CLANG_WARN_OBJC_ROOT_CLASS = YES_ERROR;
				CLANG_WARN_RANGE_LOOP_ANALYSIS = YES;
				CLANG_WARN_STRICT_PROTOTYPES = YES;
				CLANG_WARN_SUSPICIOUS_MOVE = YES;
				CLANG_WARN_UNGUARDED_AVAILABILITY = YES_AGGRESSIVE;
				CLANG_WARN_UNREACHABLE_CODE = YES;
				CLANG_WARN__DUPLICATE_METHOD_MATCH = YES;
				CODE_SIGN_IDENTITY = "iPhone Developer";
				COPY_PHASE_STRIP = NO;
				DEBUG_INFORMATION_FORMAT = dwarf;
				ENABLE_STRICT_OBJC_MSGSEND = YES;
				ENABLE_TESTABILITY = YES;
				GCC_C_LANGUAGE_STANDARD = gnu11;
				GCC_DYNAMIC_NO_PIC = NO;
				GCC_NO_COMMON_BLOCKS = YES;
				GCC_OPTIMIZATION_LEVEL = 0;
				GCC_PREPROCESSOR_DEFINITIONS = (
					"DEBUG=1",
					"$(inherited)",
				);
				GCC_WARN_64_TO_32_BIT_CONVERSION = YES;
				GCC_WARN_ABOUT_RETURN_TYPE = YES_ERROR;
				GCC_WARN_UNDECLARED_SELECTOR = YES;
				GCC_WARN_UNINITIALIZED_AUTOS = YES_AGGRESSIVE;
				GCC_WARN_UNUSED_FUNCTION = YES;
				GCC_WARN_UNUSED_VARIABLE = YES;
				IPHONEOS_DEPLOYMENT_TARGET = 11.2;
				MTL_ENABLE_DEBUG_INFO = YES;
				ONLY_ACTIVE_ARCH = YES;
				SDKROOT = iphoneos;
			};
			name = Debug;
		};
		DA036511204541E90051771D /* Release */ = {
			isa = XCBuildConfiguration;
			buildSettings = {
				ALWAYS_SEARCH_USER_PATHS = NO;
				CLANG_ANALYZER_NONNULL = YES;
				CLANG_ANALYZER_NUMBER_OBJECT_CONVERSION = YES_AGGRESSIVE;
				CLANG_CXX_LANGUAGE_STANDARD = "gnu++14";
				CLANG_CXX_LIBRARY = "libc++";
				CLANG_ENABLE_MODULES = YES;
				CLANG_ENABLE_OBJC_ARC = YES;
				CLANG_WARN_BLOCK_CAPTURE_AUTORELEASING = YES;
				CLANG_WARN_BOOL_CONVERSION = YES;
				CLANG_WARN_COMMA = YES;
				CLANG_WARN_CONSTANT_CONVERSION = YES;
				CLANG_WARN_DIRECT_OBJC_ISA_USAGE = YES_ERROR;
				CLANG_WARN_DOCUMENTATION_COMMENTS = YES;
				CLANG_WARN_EMPTY_BODY = YES;
				CLANG_WARN_ENUM_CONVERSION = YES;
				CLANG_WARN_INFINITE_RECURSION = YES;
				CLANG_WARN_INT_CONVERSION = YES;
				CLANG_WARN_NON_LITERAL_NULL_CONVERSION = YES;
				CLANG_WARN_OBJC_LITERAL_CONVERSION = YES;
				CLANG_WARN_OBJC_ROOT_CLASS = YES_ERROR;
				CLANG_WARN_RANGE_LOOP_ANALYSIS = YES;
				CLANG_WARN_STRICT_PROTOTYPES = YES;
				CLANG_WARN_SUSPICIOUS_MOVE = YES;
				CLANG_WARN_UNGUARDED_AVAILABILITY = YES_AGGRESSIVE;
				CLANG_WARN_UNREACHABLE_CODE = YES;
				CLANG_WARN__DUPLICATE_METHOD_MATCH = YES;
				CODE_SIGN_IDENTITY = "iPhone Developer";
				COPY_PHASE_STRIP = NO;
				DEBUG_INFORMATION_FORMAT = "dwarf-with-dsym";
				ENABLE_NS_ASSERTIONS = NO;
				ENABLE_STRICT_OBJC_MSGSEND = YES;
				GCC_C_LANGUAGE_STANDARD = gnu11;
				GCC_NO_COMMON_BLOCKS = YES;
				GCC_WARN_64_TO_32_BIT_CONVERSION = YES;
				GCC_WARN_ABOUT_RETURN_TYPE = YES_ERROR;
				GCC_WARN_UNDECLARED_SELECTOR = YES;
				GCC_WARN_UNINITIALIZED_AUTOS = YES_AGGRESSIVE;
				GCC_WARN_UNUSED_FUNCTION = YES;
				GCC_WARN_UNUSED_VARIABLE = YES;
				IPHONEOS_DEPLOYMENT_TARGET = 11.2;
				MTL_ENABLE_DEBUG_INFO = NO;
				SDKROOT = iphoneos;
				VALIDATE_PRODUCT = YES;
			};
			name = Release;
		};
		DA036513204541E90051771D /* Debug */ = {
			isa = XCBuildConfiguration;
			buildSettings = {
				ASSETCATALOG_COMPILER_APPICON_NAME = AppIcon;
				CODE_SIGN_STYLE = Automatic;
				DEVELOPMENT_TEAM = 3LH7676BHR;
				INFOPLIST_FILE = "iOS-Monitor/Info.plist";
				IPHONEOS_DEPLOYMENT_TARGET = 8.0;
				LD_RUNPATH_SEARCH_PATHS = "$(inherited) @executable_path/Frameworks";
				PRODUCT_BUNDLE_IDENTIFIER = "com.xy.iOS-Monitor";
				PRODUCT_NAME = "$(TARGET_NAME)";
				TARGETED_DEVICE_FAMILY = "1,2";
			};
			name = Debug;
		};
		DA036514204541E90051771D /* Release */ = {
			isa = XCBuildConfiguration;
			buildSettings = {
				ASSETCATALOG_COMPILER_APPICON_NAME = AppIcon;
				CODE_SIGN_STYLE = Automatic;
				DEVELOPMENT_TEAM = 3LH7676BHR;
				INFOPLIST_FILE = "iOS-Monitor/Info.plist";
				IPHONEOS_DEPLOYMENT_TARGET = 8.0;
				LD_RUNPATH_SEARCH_PATHS = "$(inherited) @executable_path/Frameworks";
				PRODUCT_BUNDLE_IDENTIFIER = "com.xy.iOS-Monitor";
				PRODUCT_NAME = "$(TARGET_NAME)";
				TARGETED_DEVICE_FAMILY = "1,2";
			};
			name = Release;
		};
/* End XCBuildConfiguration section */

/* Begin XCConfigurationList section */
		DA0364F7204541E80051771D /* Build configuration list for PBXProject "iOS-Monitor" */ = {
			isa = XCConfigurationList;
			buildConfigurations = (
				DA036510204541E90051771D /* Debug */,
				DA036511204541E90051771D /* Release */,
			);
			defaultConfigurationIsVisible = 0;
			defaultConfigurationName = Release;
		};
		DA036512204541E90051771D /* Build configuration list for PBXNativeTarget "iOS-Monitor" */ = {
			isa = XCConfigurationList;
			buildConfigurations = (
				DA036513204541E90051771D /* Debug */,
				DA036514204541E90051771D /* Release */,
			);
			defaultConfigurationIsVisible = 0;
			defaultConfigurationName = Release;
		};
/* End XCConfigurationList section */
	};
	rootObject = DA0364F4204541E80051771D /* Project object */;
}
